hash: 8f687655acd3579990df2c5c3ca304ef3536160810d93f136eb430b291aa02c3
updated: 2016-10-06T14:01:16.113923409-04:00
imports:
- name: github.com/rs/cors
  version: a62a804a8a009876ca59105f7899938a1349f4b3
- name: github.com/rs/xhandler
  version: ed27b6fd65218132ee50cd95f38474a3d8a2cd12
- name: golang.org/x/net
  version: 2a824cf9226006580a06d9fa8f10901c17b49ed5
  subpackages:
  - context
testImports: []
